
Microsoft Visual Studio Solution File, Format Version 12.00
Project("{FAE04EC0-301F-11D3-BF4B-00C04F79EFBC}") = "Results", "Results\Results.csproj", "{3EF2E174-E41F-4B05-B11C-C79025D31DC3}"
EndProject
Project("{FAE04EC0-301F-11D3-BF4B-00C04F79EFBC}") = "Tests", "Tests\Tests.csproj", "{048445B1-C81C-45D4-979A-CAF67035C406}"
EndProject
Global
	GlobalSection(SolutionConfigurationPlatforms) = preSolution
		Debug|Any CPU = Debug|Any CPU
		Release|Any CPU = Release|Any CPU
	EndGlobalSection
	GlobalSection(ProjectConfigurationPlatforms) = postSolution
		{3EF2E174-E41F-4B05-B11C-C79025D31DC3}.Debug|Any CPU.ActiveCfg = Debug|Any CPU
		{3EF2E174-E41F-4B05-B11C-C79025D31DC3}.Debug|Any CPU.Build.0 = Debug|Any CPU
		{3EF2E174-E41F-4B05-B11C-C79025D31DC3}.Release|Any CPU.ActiveCfg = Release|Any CPU
		{3EF2E174-E41F-4B05-B11C-C79025D31DC3}.Release|Any CPU.Build.0 = Release|Any CPU
		{048445B1-C81C-45D4-979A-CAF67035C406}.Debug|Any CPU.ActiveCfg = Debug|Any CPU
		{048445B1-C81C-45D4-979A-CAF67035C406}.Debug|Any CPU.Build.0 = Debug|Any CPU
		{048445B1-C81C-45D4-979A-CAF67035C406}.Release|Any CPU.ActiveCfg = Release|Any CPU
		{048445B1-C81C-45D4-979A-CAF67035C406}.Release|Any CPU.Build.0 = Release|Any CPU
	EndGlobalSection
EndGlobal
